
Microsoft Visual Studio Solution File, Format Version 12.00
# Visual Studio Version 17
VisualStudioVersion = 17.4.33213.308
MinimumVisualStudioVersion = 10.0.40219.1
Project("{2150E333-8FDC-42A3-9474-1A3956D46DE8}") = "src", "src", "{CFFFD187-382B-410C-9C70-74055C5F72A3}"
EndProject
Project("{FAE04EC0-301F-11D3-BF4B-00C04F79EFBC}") = "Mc2.CrudTest.Application", "src\Mc2.CrudTest.Application\Mc2.CrudTest.Application.csproj", "{E985D40D-1662-43CD-8504-AB88930938BA}"
EndProject
Project("{FAE04EC0-301F-11D3-BF4B-00C04F79EFBC}") = "Mc2.CrudTest.Domain", "src\Mc2.CrudTest.Domain\Mc2.CrudTest.Domain.csproj", "{3DEAE2CB-A64B-4C2A-B1CE-20170ABB1D08}"
EndProject
Project("{FAE04EC0-301F-11D3-BF4B-00C04F79EFBC}") = "Mc2.CrudTest.Infrastructure", "src\Mc2.CrudTest.Infrastructure\Mc2.CrudTest.Infrastructure.csproj", "{56543B45-31B5-4EB9-89A8-D1379023381F}"
EndProject
Project("{FAE04EC0-301F-11D3-BF4B-00C04F79EFBC}") = "Mc2.CrudTest.Web.Host", "src\Mc2.CrudTest.Web.Host\Mc2.CrudTest.Web.Host.csproj", "{8AAC0799-AB33-43B4-A442-6EF6F9381913}"
EndProject
Project("{2150E333-8FDC-42A3-9474-1A3956D46DE8}") = "tests", "tests", "{1302C6A6-6782-42DE-9A97-7D62171B8449}"
EndProject
Project("{FAE04EC0-301F-11D3-BF4B-00C04F79EFBC}") = "Mc2.CrudTest.AcceptanceTests", "tests\Mc2.CrudTest.AcceptanceTests\Mc2.CrudTest.AcceptanceTests.csproj", "{1C02FB56-4269-4574-A563-4377ADF9A117}"
EndProject
Global
	GlobalSection(SolutionProperties) = preSolution
		HideSolutionNode = FALSE
	EndGlobalSection
	GlobalSection(ExtensibilityGlobals) = postSolution
		SolutionGuid = {4B5A26C9-68C1-49D9-9F32-AF907A1730C2}
	EndGlobalSection
	GlobalSection(SolutionConfigurationPlatforms) = preSolution
		Debug|Any CPU = Debug|Any CPU
		Debug|x64 = Debug|x64
		Debug|x86 = Debug|x86
		Release|Any CPU = Release|Any CPU
		Release|x64 = Release|x64
		Release|x86 = Release|x86
	EndGlobalSection
	GlobalSection(ProjectConfigurationPlatforms) = postSolution
		{E985D40D-1662-43CD-8504-AB88930938BA}.Debug|Any CPU.ActiveCfg = Debug|Any CPU
		{E985D40D-1662-43CD-8504-AB88930938BA}.Debug|Any CPU.Build.0 = Debug|Any CPU
		{E985D40D-1662-43CD-8504-AB88930938BA}.Debug|x64.ActiveCfg = Debug|Any CPU
		{E985D40D-1662-43CD-8504-AB88930938BA}.Debug|x64.Build.0 = Debug|Any CPU
		{E985D40D-1662-43CD-8504-AB88930938BA}.Debug|x86.ActiveCfg = Debug|Any CPU
		{E985D40D-1662-43CD-8504-AB88930938BA}.Debug|x86.Build.0 = Debug|Any CPU
		{E985D40D-1662-43CD-8504-AB88930938BA}.Release|Any CPU.ActiveCfg = Release|Any CPU
		{E985D40D-1662-43CD-8504-AB88930938BA}.Release|Any CPU.Build.0 = Release|Any CPU
		{E985D40D-1662-43CD-8504-AB88930938BA}.Release|x64.ActiveCfg = Release|Any CPU
		{E985D40D-1662-43CD-8504-AB88930938BA}.Release|x64.Build.0 = Release|Any CPU
		{E985D40D-1662-43CD-8504-AB88930938BA}.Release|x86.ActiveCfg = Release|Any CPU
		{E985D40D-1662-43CD-8504-AB88930938BA}.Release|x86.Build.0 = Release|Any CPU
		{3DEAE2CB-A64B-4C2A-B1CE-20170ABB1D08}.Debug|Any CPU.ActiveCfg = Debug|Any CPU
		{3DEAE2CB-A64B-4C2A-B1CE-20170ABB1D08}.Debug|Any CPU.Build.0 = Debug|Any CPU
		{3DEAE2CB-A64B-4C2A-B1CE-20170ABB1D08}.Debug|x64.ActiveCfg = Debug|Any CPU
		{3DEAE2CB-A64B-4C2A-B1CE-20170ABB1D08}.Debug|x64.Build.0 = Debug|Any CPU
		{3DEAE2CB-A64B-4C2A-B1CE-20170ABB1D08}.Debug|x86.ActiveCfg = Debug|Any CPU
		{3DEAE2CB-A64B-4C2A-B1CE-20170ABB1D08}.Debug|x86.Build.0 = Debug|Any CPU
		{3DEAE2CB-A64B-4C2A-B1CE-20170ABB1D08}.Release|Any CPU.ActiveCfg = Release|Any CPU
		{3DEAE2CB-A64B-4C2A-B1CE-20170ABB1D08}.Release|Any CPU.Build.0 = Release|Any CPU
		{3DEAE2CB-A64B-4C2A-B1CE-20170ABB1D08}.Release|x64.ActiveCfg = Release|Any CPU
		{3DEAE2CB-A64B-4C2A-B1CE-20170ABB1D08}.Release|x64.Build.0 = Release|Any CPU
		{3DEAE2CB-A64B-4C2A-B1CE-20170ABB1D08}.Release|x86.ActiveCfg = Release|Any CPU
		{3DEAE2CB-A64B-4C2A-B1CE-20170ABB1D08}.Release|x86.Build.0 = Release|Any CPU
		{56543B45-31B5-4EB9-89A8-D1379023381F}.Debug|Any CPU.ActiveCfg = Debug|Any CPU
		{56543B45-31B5-4EB9-89A8-D1379023381F}.Debug|Any CPU.Build.0 = Debug|Any CPU
		{56543B45-31B5-4EB9-89A8-D1379023381F}.Debug|x64.ActiveCfg = Debug|Any CPU
		{56543B45-31B5-4EB9-89A8-D1379023381F}.Debug|x64.Build.0 = Debug|Any CPU
		{56543B45-31B5-4EB9-89A8-D1379023381F}.Debug|x86.ActiveCfg = Debug|Any CPU
		{56543B45-31B5-4EB9-89A8-D1379023381F}.Debug|x86.Build.0 = Debug|Any CPU
		{56543B45-31B5-4EB9-89A8-D1379023381F}.Release|Any CPU.ActiveCfg = Release|Any CPU
		{56543B45-31B5-4EB9-89A8-D1379023381F}.Release|Any CPU.Build.0 = Release|Any CPU
		{56543B45-31B5-4EB9-89A8-D1379023381F}.Release|x64.ActiveCfg = Release|Any CPU
		{56543B45-31B5-4EB9-89A8-D1379023381F}.Release|x64.Build.0 = Release|Any CPU
		{56543B45-31B5-4EB9-89A8-D1379023381F}.Release|x86.ActiveCfg = Release|Any CPU
		{56543B45-31B5-4EB9-89A8-D1379023381F}.Release|x86.Build.0 = Release|Any CPU
		{8AAC0799-AB33-43B4-A442-6EF6F9381913}.Debug|Any CPU.ActiveCfg = Debug|Any CPU
		{8AAC0799-AB33-43B4-A442-6EF6F9381913}.Debug|Any CPU.Build.0 = Debug|Any CPU
		{8AAC0799-AB33-43B4-A442-6EF6F9381913}.Debug|x64.ActiveCfg = Debug|Any CPU
		{8AAC0799-AB33-43B4-A442-6EF6F9381913}.Debug|x64.Build.0 = Debug|Any CPU
		{8AAC0799-AB33-43B4-A442-6EF6F9381913}.Debug|x86.ActiveCfg = Debug|Any CPU
		{8AAC0799-AB33-43B4-A442-6EF6F9381913}.Debug|x86.Build.0 = Debug|Any CPU
		{8AAC0799-AB33-43B4-A442-6EF6F9381913}.Release|Any CPU.ActiveCfg = Release|Any CPU
		{8AAC0799-AB33-43B4-A442-6EF6F9381913}.Release|Any CPU.Build.0 = Release|Any CPU
		{8AAC0799-AB33-43B4-A442-6EF6F9381913}.Release|x64.ActiveCfg = Release|Any CPU
		{8AAC0799-AB33-43B4-A442-6EF6F9381913}.Release|x64.Build.0 = Release|Any CPU
		{8AAC0799-AB33-43B4-A442-6EF6F9381913}.Release|x86.ActiveCfg = Release|Any CPU
		{8AAC0799-AB33-43B4-A442-6EF6F9381913}.Release|x86.Build.0 = Release|Any CPU
		{1C02FB56-4269-4574-A563-4377ADF9A117}.Debug|Any CPU.ActiveCfg = Debug|Any CPU
		{1C02FB56-4269-4574-A563-4377ADF9A117}.Debug|Any CPU.Build.0 = Debug|Any CPU
		{1C02FB56-4269-4574-A563-4377ADF9A117}.Debug|x64.ActiveCfg = Debug|Any CPU
		{1C02FB56-4269-4574-A563-4377ADF9A117}.Debug|x64.Build.0 = Debug|Any CPU
		{1C02FB56-4269-4574-A563-4377ADF9A117}.Debug|x86.ActiveCfg = Debug|Any CPU
		{1C02FB56-4269-4574-A563-4377ADF9A117}.Debug|x86.Build.0 = Debug|Any CPU
		{1C02FB56-4269-4574-A563-4377ADF9A117}.Release|Any CPU.ActiveCfg = Release|Any CPU
		{1C02FB56-4269-4574-A563-4377ADF9A117}.Release|Any CPU.Build.0 = Release|Any CPU
		{1C02FB56-4269-4574-A563-4377ADF9A117}.Release|x64.ActiveCfg = Release|Any CPU
		{1C02FB56-4269-4574-A563-4377ADF9A117}.Release|x64.Build.0 = Release|Any CPU
		{1C02FB56-4269-4574-A563-4377ADF9A117}.Release|x86.ActiveCfg = Release|Any CPU
		{1C02FB56-4269-4574-A563-4377ADF9A117}.Release|x86.Build.0 = Release|Any CPU
	EndGlobalSection
	GlobalSection(NestedProjects) = preSolution
		{E985D40D-1662-43CD-8504-AB88930938BA} = {CFFFD187-382B-410C-9C70-74055C5F72A3}
		{3DEAE2CB-A64B-4C2A-B1CE-20170ABB1D08} = {CFFFD187-382B-410C-9C70-74055C5F72A3}
		{56543B45-31B5-4EB9-89A8-D1379023381F} = {CFFFD187-382B-410C-9C70-74055C5F72A3}
		{8AAC0799-AB33-43B4-A442-6EF6F9381913} = {CFFFD187-382B-410C-9C70-74055C5F72A3}
		{1C02FB56-4269-4574-A563-4377ADF9A117} = {1302C6A6-6782-42DE-9A97-7D62171B8449}
	EndGlobalSection
EndGlobal
